
Microsoft Visual Studio Solution File, Format Version 12.00
# Visual Studio Version 17
VisualStudioVersion = 17.8.34316.72
MinimumVisualStudioVersion = 10.0.40219.1
Project("{FAE04EC0-301F-11D3-BF4B-00C04F79EFBC}") = "stresstesting thegame", "stresstesting thegame\stresstesting thegame.csproj", "{84859E17-BCB3-4263-89C8-E618FB9CA880}"
EndProject
Global
	GlobalSection(SolutionConfigurationPlatforms) = preSolution
		Debug|Any CPU = Debug|Any CPU
		Release|Any CPU = Release|Any CPU
	EndGlobalSection
	GlobalSection(ProjectConfigurationPlatforms) = postSolution
		{84859E17-BCB3-4263-89C8-E618FB9CA880}.Debug|Any CPU.ActiveCfg = Debug|Any CPU
		{84859E17-BCB3-4263-89C8-E618FB9CA880}.Debug|Any CPU.Build.0 = Debug|Any CPU
		{84859E17-BCB3-4263-89C8-E618FB9CA880}.Release|Any CPU.ActiveCfg = Release|Any CPU
		{84859E17-BCB3-4263-89C8-E618FB9CA880}.Release|Any CPU.Build.0 = Release|Any CPU
	EndGlobalSection
	GlobalSection(SolutionProperties) = preSolution
		HideSolutionNode = FALSE
	EndGlobalSection
	GlobalSection(ExtensibilityGlobals) = postSolution
		SolutionGuid = {3E90E707-8969-499B-B37A-1E75E5254E68}
	EndGlobalSection
EndGlobal
